{
  "version": "4",
  "specifiers": {
    "jsr:@hono/hono@^4.7.5": "4.7.5",
    "npm:consola@^3.4.2": "3.4.2",
    "npm:zod@^3.24.2": "3.24.2"
  },
  "jsr": {
    "@hono/hono@4.7.5": {
      "integrity": "36a7e1b3db8a58e5dc2bd36a76be53346f0966e04c24c635c4d6f58875575b0a"
    }
  },
  "npm": {
    "consola@3.4.2": {
      "integrity": "sha512-5IKcdX0nnYavi6G7TtOhwkYzyjfJlatbjMjuLSfE2kYT5pMDOilZ4OvMhi637CcDICTmz3wARPoyhqyX1Y+XvA=="
    },
    "zod@3.24.2": {
      "integrity": "sha512-lY7CDW43ECgW9u1TcT3IoXHflywfVqDYze4waEz812jR/bZ8FHDsl7pFQoSZTz5N+2NqRXs8GBwnAwo3ZNxqhQ=="
    }
  },
  "redirects": {
    "https://esm.sh/dayjs": "https://esm.sh/dayjs@1.11.13"
  },
  "remote": {
    "https://esm.sh/dayjs@1.11.13": "89c34b8b3f7b970708114b4d264c9430c30eb0c2eab1419410c77ffefa18fe2c",
    "https://esm.sh/dayjs@1.11.13/denonext/dayjs.mjs": "a6d8258bec464149ab2c9ae26e4bd3736897828586b03f8fea45403080bf8a80"
  },
  "workspace": {
    "dependencies": [
      "jsr:@hono/hono@^4.7.5",
      "npm:consola@^3.4.2",
      "npm:zod@^3.24.2"
    ]
  }
}
